{
  "requires": true,
  "lockfileVersion": 1,
  "dependencies": {
    "jquery-validation": {
      "version": "1.19.2",
      "resolved": "https://registry.npmjs.org/jquery-validation/-/jquery-validation-1.19.2.tgz",
      "integrity": "sha512-yHaAqOGaAB7+p2u5lpzhhQVt3CBMUw3fHcuCJ7nXmXz0LWLHPN7yOhwnocp5nrn2SmnXR1jpV+whx2j1kLz1tQ=="
    }
  }
}
